// !$*UTF8*$!
{
	archiveVersion = 1;
	classes = {
	};
	objectVersion = 55;
	objects = {

/* Begin PBXBuildFile section */
		1F24655C29A3CB670004D1AD /* AppDelegate.swift in Sources */ = {isa = PBXBuildFile; fileRef = 1F24655B29A3CB670004D1AD /* AppDelegate.swift */; };
		1F24655E29A3CB670004D1AD /* SceneDelegate.swift in Sources */ = {isa = PBXBuildFile; fileRef = 1F24655D29A3CB670004D1AD /* SceneDelegate.swift */; };
		1F24656029A3CB670004D1AD /* ProductListViewController.swift in Sources */ = {isa = PBXBuildFile; fileRef = 1F24655F29A3CB670004D1AD /* ProductListViewController.swift */; };
		1F24656529A3CB690004D1AD /* Assets.xcassets in Resources */ = {isa = PBXBuildFile; fileRef = 1F24656429A3CB690004D1AD /* Assets.xcassets */; };
		1F24656829A3CB690004D1AD /* LaunchScreen.storyboard in Resources */ = {isa = PBXBuildFile; fileRef = 1F24656629A3CB690004D1AD /* LaunchScreen.storyboard */; };
		1F81E97329A5072800292E4E /* UIColor+EXTENSION.swift in Sources */ = {isa = PBXBuildFile; fileRef = 1F81E97229A5072800292E4E /* UIColor+EXTENSION.swift */; };
		1F81E97529A507D600292E4E /* Constants.swift in Sources */ = {isa = PBXBuildFile; fileRef = 1F81E97429A507D600292E4E /* Constants.swift */; };
		1F81E97829A50A7000292E4E /* ProductListCollectionViewCell.swift in Sources */ = {isa = PBXBuildFile; fileRef = 1F81E97729A50A7000292E4E /* ProductListCollectionViewCell.swift */; };
		1F81E97A29A50B1800292E4E /* UIImageView+EXTENSION.swift in Sources */ = {isa = PBXBuildFile; fileRef = 1F81E97929A50B1800292E4E /* UIImageView+EXTENSION.swift */; };
		1F81E97C29A50B9400292E4E /* UILabel+EXTENSION.swift in Sources */ = {isa = PBXBuildFile; fileRef = 1F81E97B29A50B9400292E4E /* UILabel+EXTENSION.swift */; };
		1F81E97F29A50EDB00292E4E /* SnapKit in Frameworks */ = {isa = PBXBuildFile; productRef = 1F81E97E29A50EDB00292E4E /* SnapKit */; };
		1F81E98229A5100600292E4E /* Kingfisher in Frameworks */ = {isa = PBXBuildFile; productRef = 1F81E98129A5100600292E4E /* Kingfisher */; };
		1F81E98429A5134400292E4E /* BaseViewController.swift in Sources */ = {isa = PBXBuildFile; fileRef = 1F81E98329A5134400292E4E /* BaseViewController.swift */; };
		1F81E98729A5377E00292E4E /* AddCartView.swift in Sources */ = {isa = PBXBuildFile; fileRef = 1F81E98629A5377E00292E4E /* AddCartView.swift */; };
		1F81E98A29A5385900292E4E /* ButtonView.swift in Sources */ = {isa = PBXBuildFile; fileRef = 1F81E98929A5385900292E4E /* ButtonView.swift */; };
		1F81E98C29A53B3600292E4E /* UIView+EXTENSION.swift in Sources */ = {isa = PBXBuildFile; fileRef = 1F81E98B29A53B3600292E4E /* UIView+EXTENSION.swift */; };
		1F81E98E29A53C5F00292E4E /* SelectKilogramView.swift in Sources */ = {isa = PBXBuildFile; fileRef = 1F81E98D29A53C5F00292E4E /* SelectKilogramView.swift */; };
		1F919E7F29A6436B008276F9 /* LoadingView.swift in Sources */ = {isa = PBXBuildFile; fileRef = 1F919E7E29A6436B008276F9 /* LoadingView.swift */; };
		1F919E8229A64B76008276F9 /* ImageManager.swift in Sources */ = {isa = PBXBuildFile; fileRef = 1F919E8129A64B76008276F9 /* ImageManager.swift */; };
		1F919E8429A675E5008276F9 /* EmptyView.swift in Sources */ = {isa = PBXBuildFile; fileRef = 1F919E8329A675E5008276F9 /* EmptyView.swift */; };
		1FB8252529A3CD9B00312D52 /* APIService.swift in Sources */ = {isa = PBXBuildFile; fileRef = 1FB8252429A3CD9B00312D52 /* APIService.swift */; };
		1FB8252829A3CDC200312D52 /* Alamofire in Frameworks */ = {isa = PBXBuildFile; productRef = 1FB8252729A3CDC200312D52 /* Alamofire */; };
		1FB8252A29A3CDF400312D52 /* NetworkConstants.swift in Sources */ = {isa = PBXBuildFile; fileRef = 1FB8252929A3CDF400312D52 /* NetworkConstants.swift */; };
		1FB8252C29A3CF1A00312D52 /* ProductList.swift in Sources */ = {isa = PBXBuildFile; fileRef = 1FB8252B29A3CF1A00312D52 /* ProductList.swift */; };
		1FB8253129A3D06400312D52 /* ProductListManager.swift in Sources */ = {isa = PBXBuildFile; fileRef = 1FB8253029A3D06400312D52 /* ProductListManager.swift */; };
		1FE4B96529A3EEEE0071F3CE /* ProductDetailManager.swift in Sources */ = {isa = PBXBuildFile; fileRef = 1FE4B96429A3EEEE0071F3CE /* ProductDetailManager.swift */; };
		1FE4B96729A3EF9F0071F3CE /* ProductListViewModel.swift in Sources */ = {isa = PBXBuildFile; fileRef = 1FE4B96629A3EF9F0071F3CE /* ProductListViewModel.swift */; };
		1FE4B96929A3F0A10071F3CE /* ProductDetailViewController.swift in Sources */ = {isa = PBXBuildFile; fileRef = 1FE4B96829A3F0A10071F3CE /* ProductDetailViewController.swift */; };
		1FE4B96B29A3F1CA0071F3CE /* ProductDetailViewModel.swift in Sources */ = {isa = PBXBuildFile; fileRef = 1FE4B96A29A3F1CA0071F3CE /* ProductDetailViewModel.swift */; };
/* End PBXBuildFile section */

/* Begin PBXFileReference section */
		1F24655829A3CB670004D1AD /* PisanoTask.app */ = {isa = PBXFileReference; explicitFileType = wrapper.application; includeInIndex = 0; path = PisanoTask.app; sourceTree = BUILT_PRODUCTS_DIR; };
		1F24655B29A3CB670004D1AD /* AppDelegate.swift */ = {isa = PBXFileReference; lastKnownFileType = sourcecode.swift; path = AppDelegate.swift; sourceTree = "<group>"; };
		1F24655D29A3CB670004D1AD /* SceneDelegate.swift */ = {isa = PBXFileReference; lastKnownFileType = sourcecode.swift; path = SceneDelegate.swift; sourceTree = "<group>"; };
		1F24655F29A3CB670004D1AD /* ProductListViewController.swift */ = {isa = PBXFileReference; lastKnownFileType = sourcecode.swift; path = ProductListViewController.swift; sourceTree = "<group>"; };
		1F24656429A3CB690004D1AD /* Assets.xcassets */ = {isa = PBXFileReference; lastKnownFileType = folder.assetcatalog; path = Assets.xcassets; sourceTree = "<group>"; };
		1F24656729A3CB690004D1AD /* Base */ = {isa = PBXFileReference; lastKnownFileType = file.storyboard; name = Base; path = Base.lproj/LaunchScreen.storyboard; sourceTree = "<group>"; };
		1F24656929A3CB690004D1AD /* Info.plist */ = {isa = PBXFileReference; lastKnownFileType = text.plist.xml; path = Info.plist; sourceTree = "<group>"; };
		1F81E97229A5072800292E4E /* UIColor+EXTENSION.swift */ = {isa = PBXFileReference; lastKnownFileType = sourcecode.swift; path = "UIColor+EXTENSION.swift"; sourceTree = "<group>"; };
		1F81E97429A507D600292E4E /* Constants.swift */ = {isa = PBXFileReference; lastKnownFileType = sourcecode.swift; path = Constants.swift; sourceTree = "<group>"; };
		1F81E97729A50A7000292E4E /* ProductListCollectionViewCell.swift */ = {isa = PBXFileReference; lastKnownFileType = sourcecode.swift; path = ProductListCollectionViewCell.swift; sourceTree = "<group>"; };
		1F81E97929A50B1800292E4E /* UIImageView+EXTENSION.swift */ = {isa = PBXFileReference; lastKnownFileType = sourcecode.swift; path = "UIImageView+EXTENSION.swift"; sourceTree = "<group>"; };
		1F81E97B29A50B9400292E4E /* UILabel+EXTENSION.swift */ = {isa = PBXFileReference; lastKnownFileType = sourcecode.swift; path = "UILabel+EXTENSION.swift"; sourceTree = "<group>"; };
		1F81E98329A5134400292E4E /* BaseViewController.swift */ = {isa = PBXFileReference; lastKnownFileType = sourcecode.swift; path = BaseViewController.swift; sourceTree = "<group>"; };
		1F81E98629A5377E00292E4E /* AddCartView.swift */ = {isa = PBXFileReference; lastKnownFileType = sourcecode.swift; path = AddCartView.swift; sourceTree = "<group>"; };
		1F81E98929A5385900292E4E /* ButtonView.swift */ = {isa = PBXFileReference; lastKnownFileType = sourcecode.swift; path = ButtonView.swift; sourceTree = "<group>"; };
		1F81E98B29A53B3600292E4E /* UIView+EXTENSION.swift */ = {isa = PBXFileReference; lastKnownFileType = sourcecode.swift; path = "UIView+EXTENSION.swift"; sourceTree = "<group>"; };
		1F81E98D29A53C5F00292E4E /* SelectKilogramView.swift */ = {isa = PBXFileReference; lastKnownFileType = sourcecode.swift; path = SelectKilogramView.swift; sourceTree = "<group>"; };
		1F919E7E29A6436B008276F9 /* LoadingView.swift */ = {isa = PBXFileReference; lastKnownFileType = sourcecode.swift; path = LoadingView.swift; sourceTree = "<group>"; };
		1F919E8129A64B76008276F9 /* ImageManager.swift */ = {isa = PBXFileReference; lastKnownFileType = sourcecode.swift; path = ImageManager.swift; sourceTree = "<group>"; };
		1F919E8329A675E5008276F9 /* EmptyView.swift */ = {isa = PBXFileReference; lastKnownFileType = sourcecode.swift; path = EmptyView.swift; sourceTree = "<group>"; };
		1FB8252429A3CD9B00312D52 /* APIService.swift */ = {isa = PBXFileReference; lastKnownFileType = sourcecode.swift; path = APIService.swift; sourceTree = "<group>"; };
		1FB8252929A3CDF400312D52 /* NetworkConstants.swift */ = {isa = PBXFileReference; lastKnownFileType = sourcecode.swift; path = NetworkConstants.swift; sourceTree = "<group>"; };
		1FB8252B29A3CF1A00312D52 /* ProductList.swift */ = {isa = PBXFileReference; lastKnownFileType = sourcecode.swift; path = ProductList.swift; sourceTree = "<group>"; };
		1FB8253029A3D06400312D52 /* ProductListManager.swift */ = {isa = PBXFileReference; lastKnownFileType = sourcecode.swift; path = ProductListManager.swift; sourceTree = "<group>"; };
		1FE4B96429A3EEEE0071F3CE /* ProductDetailManager.swift */ = {isa = PBXFileReference; lastKnownFileType = sourcecode.swift; path = ProductDetailManager.swift; sourceTree = "<group>"; };
		1FE4B96629A3EF9F0071F3CE /* ProductListViewModel.swift */ = {isa = PBXFileReference; lastKnownFileType = sourcecode.swift; path = ProductListViewModel.swift; sourceTree = "<group>"; };
		1FE4B96829A3F0A10071F3CE /* ProductDetailViewController.swift */ = {isa = PBXFileReference; lastKnownFileType = sourcecode.swift; path = ProductDetailViewController.swift; sourceTree = "<group>"; };
		1FE4B96A29A3F1CA0071F3CE /* ProductDetailViewModel.swift */ = {isa = PBXFileReference; lastKnownFileType = sourcecode.swift; path = ProductDetailViewModel.swift; sourceTree = "<group>"; };
/* End PBXFileReference section */

/* Begin PBXFrameworksBuildPhase section */
		1F24655529A3CB670004D1AD /* Frameworks */ = {
			isa = PBXFrameworksBuildPhase;
			buildActionMask = 2147483647;
			files = (
				1F81E98229A5100600292E4E /* Kingfisher in Frameworks */,
				1FB8252829A3CDC200312D52 /* Alamofire in Frameworks */,
				1F81E97F29A50EDB00292E4E /* SnapKit in Frameworks */,
			);
			runOnlyForDeploymentPostprocessing = 0;
		};
/* End PBXFrameworksBuildPhase section */

/* Begin PBXGroup section */
		1F24654F29A3CB670004D1AD = {
			isa = PBXGroup;
			children = (
				1F24655A29A3CB670004D1AD /* PisanoTask */,
				1F24655929A3CB670004D1AD /* Products */,
			);
			sourceTree = "<group>";
		};
		1F24655929A3CB670004D1AD /* Products */ = {
			isa = PBXGroup;
			children = (
				1F24655829A3CB670004D1AD /* PisanoTask.app */,
			);
			name = Products;
			sourceTree = "<group>";
		};
		1F24655A29A3CB670004D1AD /* PisanoTask */ = {
			isa = PBXGroup;
			children = (
				1F24656F29A3CB900004D1AD /* App */,
				1F24657029A3CB950004D1AD /* Manager */,
				1F24657129A3CB9C0004D1AD /* Models */,
				1F24657229A3CBA50004D1AD /* Resources */,
				1F24657329A3CBAB0004D1AD /* Scenes */,
				1F24657429A3CBB20004D1AD /* Utilities */,
				1F24657529A3CBB70004D1AD /* Views */,
			);
			path = PisanoTask;
			sourceTree = "<group>";
		};
		1F24656F29A3CB900004D1AD /* App */ = {
			isa = PBXGroup;
			children = (
				1F24655D29A3CB670004D1AD /* SceneDelegate.swift */,
				1F24655B29A3CB670004D1AD /* AppDelegate.swift */,
			);
			path = App;
			sourceTree = "<group>";
		};
		1F24657029A3CB950004D1AD /* Manager */ = {
			isa = PBXGroup;
			children = (
				1F919E8029A64B62008276F9 /* CacheManager */,
				1FB8252F29A3D04900312D52 /* APIManagers */,
				1FB8252329A3CD6100312D52 /* Service */,
			);
			path = Manager;
			sourceTree = "<group>";
		};
		1F24657129A3CB9C0004D1AD /* Models */ = {
			isa = PBXGroup;
			children = (
				1FB8252B29A3CF1A00312D52 /* ProductList.swift */,
			);
			path = Models;
			sourceTree = "<group>";
		};
		1F24657229A3CBA50004D1AD /* Resources */ = {
			isa = PBXGroup;
			children = (
				1F24656929A3CB690004D1AD /* Info.plist */,
				1F24656429A3CB690004D1AD /* Assets.xcassets */,
				1FB8252929A3CDF400312D52 /* NetworkConstants.swift */,
				1F81E97429A507D600292E4E /* Constants.swift */,
			);
			path = Resources;
			sourceTree = "<group>";
		};
		1F24657329A3CBAB0004D1AD /* Scenes */ = {
			isa = PBXGroup;
			children = (
				1FB8252E29A3CFAF00312D52 /* ProductDetail */,
				1FB8252D29A3CFA900312D52 /* ProductList */,
			);
			path = Scenes;
			sourceTree = "<group>";
		};
		1F24657429A3CBB20004D1AD /* Utilities */ = {
			isa = PBXGroup;
			children = (
				1F81E97229A5072800292E4E /* UIColor+EXTENSION.swift */,
				1F81E97929A50B1800292E4E /* UIImageView+EXTENSION.swift */,
				1F81E97B29A50B9400292E4E /* UILabel+EXTENSION.swift */,
				1F81E98B29A53B3600292E4E /* UIView+EXTENSION.swift */,
			);
			path = Utilities;
			sourceTree = "<group>";
		};
		1F24657529A3CBB70004D1AD /* Views */ = {
			isa = PBXGroup;
			children = (
				1F81E98829A5384F00292E4E /* UIViews */,
				1F81E98529A5376600292E4E /* ProductDetail */,
				1F81E97629A50A4A00292E4E /* ProductList */,
				1F24656629A3CB690004D1AD /* LaunchScreen.storyboard */,
				1F81E98329A5134400292E4E /* BaseViewController.swift */,
			);
			path = Views;
			sourceTree = "<group>";
		};
		1F81E97629A50A4A00292E4E /* ProductList */ = {
			isa = PBXGroup;
			children = (
				1F81E97729A50A7000292E4E /* ProductListCollectionViewCell.swift */,
				1F919E8329A675E5008276F9 /* EmptyView.swift */,
			);
			path = ProductList;
			sourceTree = "<group>";
		};
		1F81E98529A5376600292E4E /* ProductDetail */ = {
			isa = PBXGroup;
			children = (
				1F81E98629A5377E00292E4E /* AddCartView.swift */,
				1F81E98D29A53C5F00292E4E /* SelectKilogramView.swift */,
			);
			path = ProductDetail;
			sourceTree = "<group>";
		};
		1F81E98829A5384F00292E4E /* UIViews */ = {
			isa = PBXGroup;
			children = (
				1F81E98929A5385900292E4E /* ButtonView.swift */,
				1F919E7E29A6436B008276F9 /* LoadingView.swift */,
			);
			path = UIViews;
			sourceTree = "<group>";
		};
		1F919E8029A64B62008276F9 /* CacheManager */ = {
			isa = PBXGroup;
			children = (
				1F919E8129A64B76008276F9 /* ImageManager.swift */,
			);
			path = CacheManager;
			sourceTree = "<group>";
		};
		1FB8252329A3CD6100312D52 /* Service */ = {
			isa = PBXGroup;
			children = (
				1FB8252429A3CD9B00312D52 /* APIService.swift */,
			);
			path = Service;
			sourceTree = "<group>";
		};
		1FB8252D29A3CFA900312D52 /* ProductList */ = {
			isa = PBXGroup;
			children = (
				1F24655F29A3CB670004D1AD /* ProductListViewController.swift */,
				1FE4B96629A3EF9F0071F3CE /* ProductListViewModel.swift */,
			);
			path = ProductList;
			sourceTree = "<group>";
		};
		1FB8252E29A3CFAF00312D52 /* ProductDetail */ = {
			isa = PBXGroup;
			children = (
				1FE4B96829A3F0A10071F3CE /* ProductDetailViewController.swift */,
				1FE4B96A29A3F1CA0071F3CE /* ProductDetailViewModel.swift */,
			);
			path = ProductDetail;
			sourceTree = "<group>";
		};
		1FB8252F29A3D04900312D52 /* APIManagers */ = {
			isa = PBXGroup;
			children = (
				1FB8253029A3D06400312D52 /* ProductListManager.swift */,
				1FE4B96429A3EEEE0071F3CE /* ProductDetailManager.swift */,
			);
			path = APIManagers;
			sourceTree = "<group>";
		};
/* End PBXGroup section */

/* Begin PBXNativeTarget section */
		1F24655729A3CB670004D1AD /* PisanoTask */ = {
			isa = PBXNativeTarget;
			buildConfigurationList = 1F24656C29A3CB690004D1AD /* Build configuration list for PBXNativeTarget "PisanoTask" */;
			buildPhases = (
				1F24655429A3CB670004D1AD /* Sources */,
				1F24655529A3CB670004D1AD /* Frameworks */,
				1F24655629A3CB670004D1AD /* Resources */,
			);
			buildRules = (
			);
			dependencies = (
			);
			name = PisanoTask;
			packageProductDependencies = (
				1FB8252729A3CDC200312D52 /* Alamofire */,
				1F81E97E29A50EDB00292E4E /* SnapKit */,
				1F81E98129A5100600292E4E /* Kingfisher */,
			);
			productName = PisanoTask;
			productReference = 1F24655829A3CB670004D1AD /* PisanoTask.app */;
			productType = "com.apple.product-type.application";
		};
/* End PBXNativeTarget section */

/* Begin PBXProject section */
		1F24655029A3CB670004D1AD /* Project object */ = {
			isa = PBXProject;
			attributes = {
				BuildIndependentTargetsInParallel = 1;
				LastSwiftUpdateCheck = 1330;
				LastUpgradeCheck = 1330;
				TargetAttributes = {
					1F24655729A3CB670004D1AD = {
						CreatedOnToolsVersion = 13.3;
					};
				};
			};
			buildConfigurationList = 1F24655329A3CB670004D1AD /* Build configuration list for PBXProject "PisanoTask" */;
			compatibilityVersion = "Xcode 13.0";
			developmentRegion = en;
			hasScannedForEncodings = 0;
			knownRegions = (
				en,
				Base,
			);
			mainGroup = 1F24654F29A3CB670004D1AD;
			packageReferences = (
				1FB8252629A3CDC200312D52 /* XCRemoteSwiftPackageReference "Alamofire" */,
				1F81E97D29A50EDB00292E4E /* XCRemoteSwiftPackageReference "SnapKit" */,
				1F81E98029A5100600292E4E /* XCRemoteSwiftPackageReference "Kingfisher" */,
			);
			productRefGroup = 1F24655929A3CB670004D1AD /* Products */;
			projectDirPath = "";
			projectRoot = "";
			targets = (
				1F24655729A3CB670004D1AD /* PisanoTask */,
			);
		};
/* End PBXProject section */

/* Begin PBXResourcesBuildPhase section */
		1F24655629A3CB670004D1AD /* Resources */ = {
			isa = PBXResourcesBuildPhase;
			buildActionMask = 2147483647;
			files = (
				1F24656829A3CB690004D1AD /* LaunchScreen.storyboard in Resources */,
				1F24656529A3CB690004D1AD /* Assets.xcassets in Resources */,
			);
			runOnlyForDeploymentPostprocessing = 0;
		};
/* End PBXResourcesBuildPhase section */

/* Begin PBXSourcesBuildPhase section */
		1F24655429A3CB670004D1AD /* Sources */ = {
			isa = PBXSourcesBuildPhase;
			buildActionMask = 2147483647;
			files = (
				1F24656029A3CB670004D1AD /* ProductListViewController.swift in Sources */,
				1F24655C29A3CB670004D1AD /* AppDelegate.swift in Sources */,
				1FB8252A29A3CDF400312D52 /* NetworkConstants.swift in Sources */,
				1F919E7F29A6436B008276F9 /* LoadingView.swift in Sources */,
				1F919E8429A675E5008276F9 /* EmptyView.swift in Sources */,
				1FB8253129A3D06400312D52 /* ProductListManager.swift in Sources */,
				1FE4B96529A3EEEE0071F3CE /* ProductDetailManager.swift in Sources */,
				1FE4B96B29A3F1CA0071F3CE /* ProductDetailViewModel.swift in Sources */,
				1FE4B96729A3EF9F0071F3CE /* ProductListViewModel.swift in Sources */,
				1F919E8229A64B76008276F9 /* ImageManager.swift in Sources */,
				1F81E98429A5134400292E4E /* BaseViewController.swift in Sources */,
				1F81E98E29A53C5F00292E4E /* SelectKilogramView.swift in Sources */,
				1F81E97529A507D600292E4E /* Constants.swift in Sources */,
				1F81E97C29A50B9400292E4E /* UILabel+EXTENSION.swift in Sources */,
				1F81E98C29A53B3600292E4E /* UIView+EXTENSION.swift in Sources */,
				1F81E97329A5072800292E4E /* UIColor+EXTENSION.swift in Sources */,
				1FB8252C29A3CF1A00312D52 /* ProductList.swift in Sources */,
				1F81E97A29A50B1800292E4E /* UIImageView+EXTENSION.swift in Sources */,
				1FE4B96929A3F0A10071F3CE /* ProductDetailViewController.swift in Sources */,
				1F81E98729A5377E00292E4E /* AddCartView.swift in Sources */,
				1FB8252529A3CD9B00312D52 /* APIService.swift in Sources */,
				1F81E98A29A5385900292E4E /* ButtonView.swift in Sources */,
				1F81E97829A50A7000292E4E /* ProductListCollectionViewCell.swift in Sources */,
				1F24655E29A3CB670004D1AD /* SceneDelegate.swift in Sources */,
			);
			runOnlyForDeploymentPostprocessing = 0;
		};
/* End PBXSourcesBuildPhase section */

/* Begin PBXVariantGroup section */
		1F24656629A3CB690004D1AD /* LaunchScreen.storyboard */ = {
			isa = PBXVariantGroup;
			children = (
				1F24656729A3CB690004D1AD /* Base */,
			);
			name = LaunchScreen.storyboard;
			sourceTree = "<group>";
		};
/* End PBXVariantGroup section */

/* Begin XCBuildConfiguration section */
		1F24656A29A3CB690004D1AD /* Debug */ = {
			isa = XCBuildConfiguration;
			buildSettings = {
				ALWAYS_SEARCH_USER_PATHS = NO;
				CLANG_ANALYZER_NONNULL = YES;
				CLANG_ANALYZER_NUMBER_OBJECT_CONVERSION = YES_AGGRESSIVE;
				CLANG_CXX_LANGUAGE_STANDARD = "gnu++17";
				CLANG_ENABLE_MODULES = YES;
				CLANG_ENABLE_OBJC_ARC = YES;
				CLANG_ENABLE_OBJC_WEAK = YES;
				CLANG_WARN_BLOCK_CAPTURE_AUTORELEASING = YES;
				CLANG_WARN_BOOL_CONVERSION = YES;
				CLANG_WARN_COMMA = YES;
				CLANG_WARN_CONSTANT_CONVERSION = YES;
				CLANG_WARN_DEPRECATED_OBJC_IMPLEMENTATIONS = YES;
				CLANG_WARN_DIRECT_OBJC_ISA_USAGE = YES_ERROR;
				CLANG_WARN_DOCUMENTATION_COMMENTS = YES;
				CLANG_WARN_EMPTY_BODY = YES;
				CLANG_WARN_ENUM_CONVERSION = YES;
				CLANG_WARN_INFINITE_RECURSION = YES;
				CLANG_WARN_INT_CONVERSION = YES;
				CLANG_WARN_NON_LITERAL_NULL_CONVERSION = YES;
				CLANG_WARN_OBJC_IMPLICIT_RETAIN_SELF = YES;
				CLANG_WARN_OBJC_LITERAL_CONVERSION = YES;
				CLANG_WARN_OBJC_ROOT_CLASS = YES_ERROR;
				CLANG_WARN_QUOTED_INCLUDE_IN_FRAMEWORK_HEADER = YES;
				CLANG_WARN_RANGE_LOOP_ANALYSIS = YES;
				CLANG_WARN_STRICT_PROTOTYPES = YES;
				CLANG_WARN_SUSPICIOUS_MOVE = YES;
				CLANG_WARN_UNGUARDED_AVAILABILITY = YES_AGGRESSIVE;
				CLANG_WARN_UNREACHABLE_CODE = YES;
				CLANG_WARN__DUPLICATE_METHOD_MATCH = YES;
				COPY_PHASE_STRIP = NO;
				DEBUG_INFORMATION_FORMAT = dwarf;
				ENABLE_STRICT_OBJC_MSGSEND = YES;
				ENABLE_TESTABILITY = YES;
				GCC_C_LANGUAGE_STANDARD = gnu11;
				GCC_DYNAMIC_NO_PIC = NO;
				GCC_NO_COMMON_BLOCKS = YES;
				GCC_OPTIMIZATION_LEVEL = 0;
				GCC_PREPROCESSOR_DEFINITIONS = (
					"DEBUG=1",
					"$(inherited)",
				);
				GCC_WARN_64_TO_32_BIT_CONVERSION = YES;
				GCC_WARN_ABOUT_RETURN_TYPE = YES_ERROR;
				GCC_WARN_UNDECLARED_SELECTOR = YES;
				GCC_WARN_UNINITIALIZED_AUTOS = YES_AGGRESSIVE;
				GCC_WARN_UNUSED_FUNCTION = YES;
				GCC_WARN_UNUSED_VARIABLE = YES;
				IPHONEOS_DEPLOYMENT_TARGET = 15.4;
				MTL_ENABLE_DEBUG_INFO = INCLUDE_SOURCE;
				MTL_FAST_MATH = YES;
				ONLY_ACTIVE_ARCH = YES;
				SDKROOT = iphoneos;
				SWIFT_ACTIVE_COMPILATION_CONDITIONS = DEBUG;
				SWIFT_OPTIMIZATION_LEVEL = "-Onone";
			};
			name = Debug;
		};
		1F24656B29A3CB690004D1AD /* Release */ = {
			isa = XCBuildConfiguration;
			buildSettings = {
				ALWAYS_SEARCH_USER_PATHS = NO;
				CLANG_ANALYZER_NONNULL = YES;
				CLANG_ANALYZER_NUMBER_OBJECT_CONVERSION = YES_AGGRESSIVE;
				CLANG_CXX_LANGUAGE_STANDARD = "gnu++17";
				CLANG_ENABLE_MODULES = YES;
				CLANG_ENABLE_OBJC_ARC = YES;
				CLANG_ENABLE_OBJC_WEAK = YES;
				CLANG_WARN_BLOCK_CAPTURE_AUTORELEASING = YES;
				CLANG_WARN_BOOL_CONVERSION = YES;
				CLANG_WARN_COMMA = YES;
				CLANG_WARN_CONSTANT_CONVERSION = YES;
				CLANG_WARN_DEPRECATED_OBJC_IMPLEMENTATIONS = YES;
				CLANG_WARN_DIRECT_OBJC_ISA_USAGE = YES_ERROR;
				CLANG_WARN_DOCUMENTATION_COMMENTS = YES;
				CLANG_WARN_EMPTY_BODY = YES;
				CLANG_WARN_ENUM_CONVERSION = YES;
				CLANG_WARN_INFINITE_RECURSION = YES;
				CLANG_WARN_INT_CONVERSION = YES;
				CLANG_WARN_NON_LITERAL_NULL_CONVERSION = YES;
				CLANG_WARN_OBJC_IMPLICIT_RETAIN_SELF = YES;
				CLANG_WARN_OBJC_LITERAL_CONVERSION = YES;
				CLANG_WARN_OBJC_ROOT_CLASS = YES_ERROR;
				CLANG_WARN_QUOTED_INCLUDE_IN_FRAMEWORK_HEADER = YES;
				CLANG_WARN_RANGE_LOOP_ANALYSIS = YES;
				CLANG_WARN_STRICT_PROTOTYPES = YES;
				CLANG_WARN_SUSPICIOUS_MOVE = YES;
				CLANG_WARN_UNGUARDED_AVAILABILITY = YES_AGGRESSIVE;
				CLANG_WARN_UNREACHABLE_CODE = YES;
				CLANG_WARN__DUPLICATE_METHOD_MATCH = YES;
				COPY_PHASE_STRIP = NO;
				DEBUG_INFORMATION_FORMAT = "dwarf-with-dsym";
				ENABLE_NS_ASSERTIONS = NO;
				ENABLE_STRICT_OBJC_MSGSEND = YES;
				GCC_C_LANGUAGE_STANDARD = gnu11;
				GCC_NO_COMMON_BLOCKS = YES;
				GCC_WARN_64_TO_32_BIT_CONVERSION = YES;
				GCC_WARN_ABOUT_RETURN_TYPE = YES_ERROR;
				GCC_WARN_UNDECLARED_SELECTOR = YES;
				GCC_WARN_UNINITIALIZED_AUTOS = YES_AGGRESSIVE;
				GCC_WARN_UNUSED_FUNCTION = YES;
				GCC_WARN_UNUSED_VARIABLE = YES;
				IPHONEOS_DEPLOYMENT_TARGET = 15.4;
				MTL_ENABLE_DEBUG_INFO = NO;
				MTL_FAST_MATH = YES;
				SDKROOT = iphoneos;
				SWIFT_COMPILATION_MODE = wholemodule;
				SWIFT_OPTIMIZATION_LEVEL = "-O";
				VALIDATE_PRODUCT = YES;
			};
			name = Release;
		};
		1F24656D29A3CB690004D1AD /* Debug */ = {
			isa = XCBuildConfiguration;
			buildSettings = {
				ASSETCATALOG_COMPILER_APPICON_NAME = AppIcon;
				ASSETCATALOG_COMPILER_GLOBAL_ACCENT_COLOR_NAME = AccentColor;
				CODE_SIGN_STYLE = Automatic;
				CURRENT_PROJECT_VERSION = 1;
				DEVELOPMENT_TEAM = HSF4893TH5;
				GENERATE_INFOPLIST_FILE = YES;
				INFOPLIST_FILE = PisanoTask/Resources/Info.plist;
				INFOPLIST_KEY_UIApplicationSupportsIndirectInputEvents = YES;
				INFOPLIST_KEY_UILaunchStoryboardName = LaunchScreen;
				INFOPLIST_KEY_UISupportedInterfaceOrientations_iPad = "UIInterfaceOrientationPortrait UIInterfaceOrientationPortraitUpsideDown UIInterfaceOrientationLandscapeLeft UIInterfaceOrientationLandscapeRight";
				INFOPLIST_KEY_UISupportedInterfaceOrientations_iPhone = "UIInterfaceOrientationPortrait UIInterfaceOrientationLandscapeLeft UIInterfaceOrientationLandscapeRight";
				LD_RUNPATH_SEARCH_PATHS = (
					"$(inherited)",
					"@executable_path/Frameworks",
				);
				MARKETING_VERSION = 1.0;
				PRODUCT_BUNDLE_IDENTIFIER = com.akinaksoy.PisanoTask;
				PRODUCT_NAME = "$(TARGET_NAME)";
				SWIFT_EMIT_LOC_STRINGS = YES;
				SWIFT_VERSION = 5.0;
				TARGETED_DEVICE_FAMILY = "1,2";
			};
			name = Debug;
		};
		1F24656E29A3CB690004D1AD /* Release */ = {
			isa = XCBuildConfiguration;
			buildSettings = {
				ASSETCATALOG_COMPILER_APPICON_NAME = AppIcon;
				ASSETCATALOG_COMPILER_GLOBAL_ACCENT_COLOR_NAME = AccentColor;
				CODE_SIGN_STYLE = Automatic;
				CURRENT_PROJECT_VERSION = 1;
				DEVELOPMENT_TEAM = HSF4893TH5;
				GENERATE_INFOPLIST_FILE = YES;
				INFOPLIST_FILE = PisanoTask/Resources/Info.plist;
				INFOPLIST_KEY_UIApplicationSupportsIndirectInputEvents = YES;
				INFOPLIST_KEY_UILaunchStoryboardName = LaunchScreen;
				INFOPLIST_KEY_UISupportedInterfaceOrientations_iPad = "UIInterfaceOrientationPortrait UIInterfaceOrientationPortraitUpsideDown UIInterfaceOrientationLandscapeLeft UIInterfaceOrientationLandscapeRight";
				INFOPLIST_KEY_UISupportedInterfaceOrientations_iPhone = "UIInterfaceOrientationPortrait UIInterfaceOrientationLandscapeLeft UIInterfaceOrientationLandscapeRight";
				LD_RUNPATH_SEARCH_PATHS = (
					"$(inherited)",
					"@executable_path/Frameworks",
				);
				MARKETING_VERSION = 1.0;
				PRODUCT_BUNDLE_IDENTIFIER = com.akinaksoy.PisanoTask;
				PRODUCT_NAME = "$(TARGET_NAME)";
				SWIFT_EMIT_LOC_STRINGS = YES;
				SWIFT_VERSION = 5.0;
				TARGETED_DEVICE_FAMILY = "1,2";
			};
			name = Release;
		};
/* End XCBuildConfiguration section */

/* Begin XCConfigurationList section */
		1F24655329A3CB670004D1AD /* Build configuration list for PBXProject "PisanoTask" */ = {
			isa = XCConfigurationList;
			buildConfigurations = (
				1F24656A29A3CB690004D1AD /* Debug */,
				1F24656B29A3CB690004D1AD /* Release */,
			);
			defaultConfigurationIsVisible = 0;
			defaultConfigurationName = Release;
		};
		1F24656C29A3CB690004D1AD /* Build configuration list for PBXNativeTarget "PisanoTask" */ = {
			isa = XCConfigurationList;
			buildConfigurations = (
				1F24656D29A3CB690004D1AD /* Debug */,
				1F24656E29A3CB690004D1AD /* Release */,
			);
			defaultConfigurationIsVisible = 0;
			defaultConfigurationName = Release;
		};
/* End XCConfigurationList section */

/* Begin XCRemoteSwiftPackageReference section */
		1F81E97D29A50EDB00292E4E /* XCRemoteSwiftPackageReference "SnapKit" */ = {
			isa = XCRemoteSwiftPackageReference;
			repositoryURL = "https://github.com/SnapKit/SnapKit.git";
			requirement = {
				branch = develop;
				kind = branch;
			};
		};
		1F81E98029A5100600292E4E /* XCRemoteSwiftPackageReference "Kingfisher" */ = {
			isa = XCRemoteSwiftPackageReference;
			repositoryURL = "https://github.com/onevcat/Kingfisher.git";
			requirement = {
				branch = master;
				kind = branch;
			};
		};
		1FB8252629A3CDC200312D52 /* XCRemoteSwiftPackageReference "Alamofire" */ = {
			isa = XCRemoteSwiftPackageReference;
			repositoryURL = "https://github.com/Alamofire/Alamofire.git";
			requirement = {
				branch = master;
				kind = branch;
			};
		};
/* End XCRemoteSwiftPackageReference section */

/* Begin XCSwiftPackageProductDependency section */
		1F81E97E29A50EDB00292E4E /* SnapKit */ = {
			isa = XCSwiftPackageProductDependency;
			package = 1F81E97D29A50EDB00292E4E /* XCRemoteSwiftPackageReference "SnapKit" */;
			productName = SnapKit;
		};
		1F81E98129A5100600292E4E /* Kingfisher */ = {
			isa = XCSwiftPackageProductDependency;
			package = 1F81E98029A5100600292E4E /* XCRemoteSwiftPackageReference "Kingfisher" */;
			productName = Kingfisher;
		};
		1FB8252729A3CDC200312D52 /* Alamofire */ = {
			isa = XCSwiftPackageProductDependency;
			package = 1FB8252629A3CDC200312D52 /* XCRemoteSwiftPackageReference "Alamofire" */;
			productName = Alamofire;
		};
/* End XCSwiftPackageProductDependency section */
	};
	rootObject = 1F24655029A3CB670004D1AD /* Project object */;
}
